
Microsoft Visual Studio Solution File, Format Version 12.00
# Visual Studio 14
VisualStudioVersion = 14.0.25420.1
MinimumVisualStudioVersion = 10.0.40219.1
Project("{2150E333-8FDC-42A3-9474-1A3956D46DE8}") = "Abstract Factory", "Abstract Factory", "{2706B4E0-314B-4FC0-ADBC-F2BCDC08A124}"
EndProject
Project("{FAE04EC0-301F-11D3-BF4B-00C04F79EFBC}") = "Abstract Factory", "Abstract Factory\Abstract Factory.csproj", "{0366FC5E-EC30-47A7-B3E6-F5D9A69DC663}"
EndProject
Project("{2150E333-8FDC-42A3-9474-1A3956D46DE8}") = "Builder", "Builder", "{BC3DF388-5993-45BD-A988-6535A15E7E96}"
EndProject
Project("{FAE04EC0-301F-11D3-BF4B-00C04F79EFBC}") = "Builder", "Builder\Builder.csproj", "{79ED5E99-B269-416B-AA18-C611A62AD83E}"
EndProject
Project("{2150E333-8FDC-42A3-9474-1A3956D46DE8}") = "Factory Method", "Factory Method", "{B7251C70-9826-4044-BCC2-15517FA77AA0}"
EndProject
Project("{FAE04EC0-301F-11D3-BF4B-00C04F79EFBC}") = "Factory Method", "Factory Method\Factory Method.csproj", "{19D002B2-01E9-4DAD-A9A4-F0A09BAF9F40}"
EndProject
Project("{2150E333-8FDC-42A3-9474-1A3956D46DE8}") = "Prototype", "Prototype", "{12BF9ED5-D793-4737-AC64-5A4EE8596C84}"
EndProject
Project("{FAE04EC0-301F-11D3-BF4B-00C04F79EFBC}") = "Prototype", "Prototype\Prototype.csproj", "{352F60F4-348B-4B0D-8B52-AD2B29738B08}"
EndProject
Project("{2150E333-8FDC-42A3-9474-1A3956D46DE8}") = "Singleton", "Singleton", "{258F1207-486C-4861-8DB7-7E2CA4E27CD3}"
EndProject
Project("{FAE04EC0-301F-11D3-BF4B-00C04F79EFBC}") = "Singleton", "Singleton\Singleton.csproj", "{BAE15CE0-B993-4BF9-8988-E99943F5183E}"
EndProject
Global
	GlobalSection(SolutionConfigurationPlatforms) = preSolution
		Debug|Any CPU = Debug|Any CPU
		Release|Any CPU = Release|Any CPU
	EndGlobalSection
	GlobalSection(ProjectConfigurationPlatforms) = postSolution
		{0366FC5E-EC30-47A7-B3E6-F5D9A69DC663}.Debug|Any CPU.ActiveCfg = Debug|Any CPU
		{0366FC5E-EC30-47A7-B3E6-F5D9A69DC663}.Debug|Any CPU.Build.0 = Debug|Any CPU
		{0366FC5E-EC30-47A7-B3E6-F5D9A69DC663}.Release|Any CPU.ActiveCfg = Release|Any CPU
		{0366FC5E-EC30-47A7-B3E6-F5D9A69DC663}.Release|Any CPU.Build.0 = Release|Any CPU
		{79ED5E99-B269-416B-AA18-C611A62AD83E}.Debug|Any CPU.ActiveCfg = Debug|Any CPU
		{79ED5E99-B269-416B-AA18-C611A62AD83E}.Debug|Any CPU.Build.0 = Debug|Any CPU
		{79ED5E99-B269-416B-AA18-C611A62AD83E}.Release|Any CPU.ActiveCfg = Release|Any CPU
		{79ED5E99-B269-416B-AA18-C611A62AD83E}.Release|Any CPU.Build.0 = Release|Any CPU
		{19D002B2-01E9-4DAD-A9A4-F0A09BAF9F40}.Debug|Any CPU.ActiveCfg = Debug|Any CPU
		{19D002B2-01E9-4DAD-A9A4-F0A09BAF9F40}.Debug|Any CPU.Build.0 = Debug|Any CPU
		{19D002B2-01E9-4DAD-A9A4-F0A09BAF9F40}.Release|Any CPU.ActiveCfg = Release|Any CPU
		{19D002B2-01E9-4DAD-A9A4-F0A09BAF9F40}.Release|Any CPU.Build.0 = Release|Any CPU
		{352F60F4-348B-4B0D-8B52-AD2B29738B08}.Debug|Any CPU.ActiveCfg = Debug|Any CPU
		{352F60F4-348B-4B0D-8B52-AD2B29738B08}.Debug|Any CPU.Build.0 = Debug|Any CPU
		{352F60F4-348B-4B0D-8B52-AD2B29738B08}.Release|Any CPU.ActiveCfg = Release|Any CPU
		{352F60F4-348B-4B0D-8B52-AD2B29738B08}.Release|Any CPU.Build.0 = Release|Any CPU
		{BAE15CE0-B993-4BF9-8988-E99943F5183E}.Debug|Any CPU.ActiveCfg = Debug|Any CPU
		{BAE15CE0-B993-4BF9-8988-E99943F5183E}.Debug|Any CPU.Build.0 = Debug|Any CPU
		{BAE15CE0-B993-4BF9-8988-E99943F5183E}.Release|Any CPU.ActiveCfg = Release|Any CPU
		{BAE15CE0-B993-4BF9-8988-E99943F5183E}.Release|Any CPU.Build.0 = Release|Any CPU
	EndGlobalSection
	GlobalSection(SolutionProperties) = preSolution
		HideSolutionNode = FALSE
	EndGlobalSection
	GlobalSection(NestedProjects) = preSolution
		{0366FC5E-EC30-47A7-B3E6-F5D9A69DC663} = {2706B4E0-314B-4FC0-ADBC-F2BCDC08A124}
		{79ED5E99-B269-416B-AA18-C611A62AD83E} = {BC3DF388-5993-45BD-A988-6535A15E7E96}
		{19D002B2-01E9-4DAD-A9A4-F0A09BAF9F40} = {B7251C70-9826-4044-BCC2-15517FA77AA0}
		{352F60F4-348B-4B0D-8B52-AD2B29738B08} = {12BF9ED5-D793-4737-AC64-5A4EE8596C84}
		{BAE15CE0-B993-4BF9-8988-E99943F5183E} = {258F1207-486C-4861-8DB7-7E2CA4E27CD3}
	EndGlobalSection
EndGlobal
