
Microsoft Visual Studio Solution File, Format Version 12.00
# Visual Studio 14
VisualStudioVersion = 14.0.25420.1
MinimumVisualStudioVersion = 10.0.40219.1
Project("{2150E333-8FDC-42A3-9474-1A3956D46DE8}") = "Adapter", "Adapter", "{240E8948-9C1E-425B-9BC2-F3718F8A58F3}"
EndProject
Project("{2150E333-8FDC-42A3-9474-1A3956D46DE8}") = "Bridge", "Bridge", "{92F7E1C0-D894-400B-AB77-8B30048FD441}"
EndProject
Project("{FAE04EC0-301F-11D3-BF4B-00C04F79EFBC}") = "Adapter", "Adapter\Adapter.csproj", "{15CB06AE-BE45-4413-8E13-6FFCAA30D125}"
EndProject
Project("{FAE04EC0-301F-11D3-BF4B-00C04F79EFBC}") = "Bridge", "Bridge\Bridge.csproj", "{0DA385C3-7F7A-48B7-931C-5B4D7F24532F}"
EndProject
Project("{2150E333-8FDC-42A3-9474-1A3956D46DE8}") = "Composite", "Composite", "{D6D28C3E-CB16-4ABD-BA8E-2150770BC7D0}"
EndProject
Project("{2150E333-8FDC-42A3-9474-1A3956D46DE8}") = "Decorator", "Decorator", "{8F4B6EBB-CACD-4C5D-92D7-D36ACA97FBD8}"
EndProject
Project("{2150E333-8FDC-42A3-9474-1A3956D46DE8}") = "Facade", "Facade", "{42024D06-ED52-4AFD-B069-F104919942C4}"
EndProject
Project("{2150E333-8FDC-42A3-9474-1A3956D46DE8}") = "Flyweight", "Flyweight", "{EC37B41C-FD2C-4ECE-8C58-CAB9EBFEC2A2}"
EndProject
Project("{2150E333-8FDC-42A3-9474-1A3956D46DE8}") = "Proxy", "Proxy", "{682190F7-928C-4637-8523-00A68C44A15D}"
EndProject
Project("{FAE04EC0-301F-11D3-BF4B-00C04F79EFBC}") = "Composite", "Composite\Composite.csproj", "{E8490543-A3FB-47D7-AB9B-C34E33AA6CD6}"
EndProject
Project("{FAE04EC0-301F-11D3-BF4B-00C04F79EFBC}") = "Decorator", "Decorator\Decorator.csproj", "{31DB643E-1F55-4F78-B615-14AFFDDB549D}"
EndProject
Project("{FAE04EC0-301F-11D3-BF4B-00C04F79EFBC}") = "Facade", "Facade\Facade.csproj", "{4503917E-0371-4A11-8721-9C05AC0EB9F1}"
EndProject
Project("{FAE04EC0-301F-11D3-BF4B-00C04F79EFBC}") = "Flyweight", "Flyweight\Flyweight.csproj", "{2DA1CCEB-EF40-4056-A93E-4E3DFB0F3A1C}"
EndProject
Project("{FAE04EC0-301F-11D3-BF4B-00C04F79EFBC}") = "Proxy", "Proxy\Proxy.csproj", "{C7AC5DC7-12EC-4DEE-BE75-AD5228C67FD5}"
EndProject
Global
	GlobalSection(SolutionConfigurationPlatforms) = preSolution
		Debug|Any CPU = Debug|Any CPU
		Release|Any CPU = Release|Any CPU
	EndGlobalSection
	GlobalSection(ProjectConfigurationPlatforms) = postSolution
		{15CB06AE-BE45-4413-8E13-6FFCAA30D125}.Debug|Any CPU.ActiveCfg = Debug|Any CPU
		{15CB06AE-BE45-4413-8E13-6FFCAA30D125}.Debug|Any CPU.Build.0 = Debug|Any CPU
		{15CB06AE-BE45-4413-8E13-6FFCAA30D125}.Release|Any CPU.ActiveCfg = Release|Any CPU
		{15CB06AE-BE45-4413-8E13-6FFCAA30D125}.Release|Any CPU.Build.0 = Release|Any CPU
		{0DA385C3-7F7A-48B7-931C-5B4D7F24532F}.Debug|Any CPU.ActiveCfg = Debug|Any CPU
		{0DA385C3-7F7A-48B7-931C-5B4D7F24532F}.Debug|Any CPU.Build.0 = Debug|Any CPU
		{0DA385C3-7F7A-48B7-931C-5B4D7F24532F}.Release|Any CPU.ActiveCfg = Release|Any CPU
		{0DA385C3-7F7A-48B7-931C-5B4D7F24532F}.Release|Any CPU.Build.0 = Release|Any CPU
		{E8490543-A3FB-47D7-AB9B-C34E33AA6CD6}.Debug|Any CPU.ActiveCfg = Debug|Any CPU
		{E8490543-A3FB-47D7-AB9B-C34E33AA6CD6}.Debug|Any CPU.Build.0 = Debug|Any CPU
		{E8490543-A3FB-47D7-AB9B-C34E33AA6CD6}.Release|Any CPU.ActiveCfg = Release|Any CPU
		{E8490543-A3FB-47D7-AB9B-C34E33AA6CD6}.Release|Any CPU.Build.0 = Release|Any CPU
		{31DB643E-1F55-4F78-B615-14AFFDDB549D}.Debug|Any CPU.ActiveCfg = Debug|Any CPU
		{31DB643E-1F55-4F78-B615-14AFFDDB549D}.Debug|Any CPU.Build.0 = Debug|Any CPU
		{31DB643E-1F55-4F78-B615-14AFFDDB549D}.Release|Any CPU.ActiveCfg = Release|Any CPU
		{31DB643E-1F55-4F78-B615-14AFFDDB549D}.Release|Any CPU.Build.0 = Release|Any CPU
		{4503917E-0371-4A11-8721-9C05AC0EB9F1}.Debug|Any CPU.ActiveCfg = Debug|Any CPU
		{4503917E-0371-4A11-8721-9C05AC0EB9F1}.Debug|Any CPU.Build.0 = Debug|Any CPU
		{4503917E-0371-4A11-8721-9C05AC0EB9F1}.Release|Any CPU.ActiveCfg = Release|Any CPU
		{4503917E-0371-4A11-8721-9C05AC0EB9F1}.Release|Any CPU.Build.0 = Release|Any CPU
		{2DA1CCEB-EF40-4056-A93E-4E3DFB0F3A1C}.Debug|Any CPU.ActiveCfg = Debug|Any CPU
		{2DA1CCEB-EF40-4056-A93E-4E3DFB0F3A1C}.Debug|Any CPU.Build.0 = Debug|Any CPU
		{2DA1CCEB-EF40-4056-A93E-4E3DFB0F3A1C}.Release|Any CPU.ActiveCfg = Release|Any CPU
		{2DA1CCEB-EF40-4056-A93E-4E3DFB0F3A1C}.Release|Any CPU.Build.0 = Release|Any CPU
		{C7AC5DC7-12EC-4DEE-BE75-AD5228C67FD5}.Debug|Any CPU.ActiveCfg = Debug|Any CPU
		{C7AC5DC7-12EC-4DEE-BE75-AD5228C67FD5}.Debug|Any CPU.Build.0 = Debug|Any CPU
		{C7AC5DC7-12EC-4DEE-BE75-AD5228C67FD5}.Release|Any CPU.ActiveCfg = Release|Any CPU
		{C7AC5DC7-12EC-4DEE-BE75-AD5228C67FD5}.Release|Any CPU.Build.0 = Release|Any CPU
	EndGlobalSection
	GlobalSection(SolutionProperties) = preSolution
		HideSolutionNode = FALSE
	EndGlobalSection
	GlobalSection(NestedProjects) = preSolution
		{15CB06AE-BE45-4413-8E13-6FFCAA30D125} = {240E8948-9C1E-425B-9BC2-F3718F8A58F3}
		{0DA385C3-7F7A-48B7-931C-5B4D7F24532F} = {92F7E1C0-D894-400B-AB77-8B30048FD441}
		{E8490543-A3FB-47D7-AB9B-C34E33AA6CD6} = {D6D28C3E-CB16-4ABD-BA8E-2150770BC7D0}
		{31DB643E-1F55-4F78-B615-14AFFDDB549D} = {8F4B6EBB-CACD-4C5D-92D7-D36ACA97FBD8}
		{4503917E-0371-4A11-8721-9C05AC0EB9F1} = {42024D06-ED52-4AFD-B069-F104919942C4}
		{2DA1CCEB-EF40-4056-A93E-4E3DFB0F3A1C} = {EC37B41C-FD2C-4ECE-8C58-CAB9EBFEC2A2}
		{C7AC5DC7-12EC-4DEE-BE75-AD5228C67FD5} = {682190F7-928C-4637-8523-00A68C44A15D}
	EndGlobalSection
EndGlobal
